<?xml version="1.0" encoding="utf-8"?>
<Project ToolsVersion="4.0" xmlns="http://schemas.microsoft.com/developer/msbuild/2003">
  <ItemGroup>
    <Filter Include="源文件">
      <UniqueIdentifier>{4FC737F1-C7A5-4376-A066-2A32D752A2FF}</UniqueIdentifier>
      <Extensions>cpp;c;cc;cxx;c++;cppm;ixx;def;odl;idl;hpj;bat;asm;asmx</Extensions>
    </Filter>
    <Filter Include="头文件">
      <UniqueIdentifier>{93995380-89BD-4b04-88EB-625FBE52EBFB}</UniqueIdentifier>
      <Extensions>h;hh;hpp;hxx;h++;hm;inl;inc;ipp;xsd</Extensions>
    </Filter>
    <Filter Include="资源文件">
      <UniqueIdentifier>{67DA6AB6-F800-4c08-8B7A-83BB121AAD01}</UniqueIdentifier>
      <Extensions>rc;ico;cur;bmp;dlg;rc2;rct;bin;rgs;gif;jpg;jpeg;jpe;resx;tiff;tif;png;wav;mfcribbon-ms</Extensions>
    </Filter>
  </ItemGroup>
  <ItemGroup>
    <ClInclude Include="colinf.h">
      <Filter>头文件</Filter>
    </ClInclude>
    <ClInclude Include="colNode.h">
      <Filter>头文件</Filter>
    </ClInclude>
    <ClInclude Include="colsinf.h">
      <Filter>头文件</Filter>
    </ClInclude>
    <ClInclude Include="colsvalue.h">
      <Filter>头文件</Filter>
    </ClInclude>
    <ClInclude Include="colvalue.h">
      <Filter>头文件</Filter>
    </ClInclude>
    <ClInclude Include="condition.h">
      <Filter>头文件</Filter>
    </ClInclude>
    <ClInclude Include="conditiontype.h">
      <Filter>头文件</Filter>
    </ClInclude>
    <ClInclude Include="dbNode.h">
      <Filter>头文件</Filter>
    </ClInclude>
    <ClInclude Include="define.h">
      <Filter>头文件</Filter>
    </ClInclude>
    <ClInclude Include="gram.tab.h">
      <Filter>头文件</Filter>
    </ClInclude>
    <ClInclude Include="initSQL.h">
      <Filter>头文件</Filter>
    </ClInclude>
    <ClInclude Include="MetaDataManager.h">
      <Filter>头文件</Filter>
    </ClInclude>
    <ClInclude Include="QueryProcessor.h">
      <Filter>头文件</Filter>
    </ClInclude>
    <ClInclude Include="StorageEngine.h">
      <Filter>头文件</Filter>
    </ClInclude>
    <ClInclude Include="StorageNode.h">
      <Filter>头文件</Filter>
    </ClInclude>
    <ClInclude Include="tableNode.h">
      <Filter>头文件</Filter>
    </ClInclude>
    <ClInclude Include="values.h">
      <Filter>头文件</Filter>
    </ClInclude>
  </ItemGroup>
  <ItemGroup>
    <ClCompile Include="QueryProcessor.cpp">
      <Filter>源文件</Filter>
    </ClCompile>
    <ClCompile Include="test.cpp">
      <Filter>源文件</Filter>
    </ClCompile>
  </ItemGroup>
  <ItemGroup>
    <Bison Include="gram.y" />
  </ItemGroup>
  <ItemGroup>
    <Flex Include="scan.l" />
  </ItemGroup>
</Project>